
Microsoft Visual Studio Solution File, Format Version 12.00
# Visual Studio 2013
VisualStudioVersion = 12.0.31101.0
MinimumVisualStudioVersion = 10.0.40219.1
Project("{9092AA53-FB77-4645-B42D-1CCCA6BD08BD}") = "day1", "day1\day1.njsproj", "{6E215BC5-93C7-46AC-A6B5-867FED2D8534}"
EndProject
Project("{9092AA53-FB77-4645-B42D-1CCCA6BD08BD}") = "day2", "day2\day2.njsproj", "{0E0D926F-962A-4E15-8E23-B56D98096DA5}"
EndProject
Project("{9092AA53-FB77-4645-B42D-1CCCA6BD08BD}") = "day3", "day3\day3.njsproj", "{6E8CAB04-C667-4C7E-BC72-241FEC1D1438}"
EndProject
Project("{9092AA53-FB77-4645-B42D-1CCCA6BD08BD}") = "day4", "day4\day4.njsproj", "{36989068-D3A0-4CAE-AE72-CDA28AD221FD}"
EndProject
Project("{9092AA53-FB77-4645-B42D-1CCCA6BD08BD}") = "day5", "day5\day5.njsproj", "{2B89AA0C-E6C2-46E6-B85F-4BD19A167997}"
EndProject
Project("{9092AA53-FB77-4645-B42D-1CCCA6BD08BD}") = "day6", "day6\day6.njsproj", "{EFDCE56B-252F-400D-86A9-5C8B19CEF24A}"
EndProject
Global
	GlobalSection(SolutionConfigurationPlatforms) = preSolution
		Debug|Any CPU = Debug|Any CPU
		Release|Any CPU = Release|Any CPU
	EndGlobalSection
	GlobalSection(ProjectConfigurationPlatforms) = postSolution
		{6E215BC5-93C7-46AC-A6B5-867FED2D8534}.Debug|Any CPU.ActiveCfg = Debug|Any CPU
		{6E215BC5-93C7-46AC-A6B5-867FED2D8534}.Debug|Any CPU.Build.0 = Debug|Any CPU
		{6E215BC5-93C7-46AC-A6B5-867FED2D8534}.Release|Any CPU.ActiveCfg = Release|Any CPU
		{6E215BC5-93C7-46AC-A6B5-867FED2D8534}.Release|Any CPU.Build.0 = Release|Any CPU
		{0E0D926F-962A-4E15-8E23-B56D98096DA5}.Debug|Any CPU.ActiveCfg = Debug|Any CPU
		{0E0D926F-962A-4E15-8E23-B56D98096DA5}.Debug|Any CPU.Build.0 = Debug|Any CPU
		{0E0D926F-962A-4E15-8E23-B56D98096DA5}.Release|Any CPU.ActiveCfg = Release|Any CPU
		{0E0D926F-962A-4E15-8E23-B56D98096DA5}.Release|Any CPU.Build.0 = Release|Any CPU
		{6E8CAB04-C667-4C7E-BC72-241FEC1D1438}.Debug|Any CPU.ActiveCfg = Debug|Any CPU
		{6E8CAB04-C667-4C7E-BC72-241FEC1D1438}.Debug|Any CPU.Build.0 = Debug|Any CPU
		{6E8CAB04-C667-4C7E-BC72-241FEC1D1438}.Release|Any CPU.ActiveCfg = Release|Any CPU
		{6E8CAB04-C667-4C7E-BC72-241FEC1D1438}.Release|Any CPU.Build.0 = Release|Any CPU
		{36989068-D3A0-4CAE-AE72-CDA28AD221FD}.Debug|Any CPU.ActiveCfg = Debug|Any CPU
		{36989068-D3A0-4CAE-AE72-CDA28AD221FD}.Debug|Any CPU.Build.0 = Debug|Any CPU
		{36989068-D3A0-4CAE-AE72-CDA28AD221FD}.Release|Any CPU.ActiveCfg = Release|Any CPU
		{36989068-D3A0-4CAE-AE72-CDA28AD221FD}.Release|Any CPU.Build.0 = Release|Any CPU
		{2B89AA0C-E6C2-46E6-B85F-4BD19A167997}.Debug|Any CPU.ActiveCfg = Debug|Any CPU
		{2B89AA0C-E6C2-46E6-B85F-4BD19A167997}.Debug|Any CPU.Build.0 = Debug|Any CPU
		{2B89AA0C-E6C2-46E6-B85F-4BD19A167997}.Release|Any CPU.ActiveCfg = Release|Any CPU
		{2B89AA0C-E6C2-46E6-B85F-4BD19A167997}.Release|Any CPU.Build.0 = Release|Any CPU
		{EFDCE56B-252F-400D-86A9-5C8B19CEF24A}.Debug|Any CPU.ActiveCfg = Debug|Any CPU
		{EFDCE56B-252F-400D-86A9-5C8B19CEF24A}.Debug|Any CPU.Build.0 = Debug|Any CPU
		{EFDCE56B-252F-400D-86A9-5C8B19CEF24A}.Release|Any CPU.ActiveCfg = Release|Any CPU
		{EFDCE56B-252F-400D-86A9-5C8B19CEF24A}.Release|Any CPU.Build.0 = Release|Any CPU
	EndGlobalSection
	GlobalSection(SolutionProperties) = preSolution
		HideSolutionNode = FALSE
	EndGlobalSection
EndGlobal
